// !$*UTF8*$!
{
	archiveVersion = 1;
	classes = {
	};
	objectVersion = 46;
	objects = {

/* Begin PBXBuildFile section */
		84702BFC1E4AC369007EA0FA /* AppDelegate.swift in Sources */ = {isa = PBXBuildFile; fileRef = 84702BFB1E4AC369007EA0FA /* AppDelegate.swift */; };
		84702BFE1E4AC369007EA0FA /* ViewController.swift in Sources */ = {isa = PBXBuildFile; fileRef = 84702BFD1E4AC369007EA0FA /* ViewController.swift */; };
		84702C011E4AC369007EA0FA /* Main.storyboard in Resources */ = {isa = PBXBuildFile; fileRef = 84702BFF1E4AC369007EA0FA /* Main.storyboard */; };
		84702C031E4AC369007EA0FA /* Assets.xcassets in Resources */ = {isa = PBXBuildFile; fileRef = 84702C021E4AC369007EA0FA /* Assets.xcassets */; };
		84702C061E4AC369007EA0FA /* LaunchScreen.storyboard in Resources */ = {isa = PBXBuildFile; fileRef = 84702C041E4AC369007EA0FA /* LaunchScreen.storyboard */; };
		84702C111E4AC369007EA0FA /* SLCascadeMenuUITests.swift in Sources */ = {isa = PBXBuildFile; fileRef = 84702C101E4AC369007EA0FA /* SLCascadeMenuUITests.swift */; };
		84702C1E1E4AC393007EA0FA /* SLCascadeMenuItem.swift in Sources */ = {isa = PBXBuildFile; fileRef = 84702C1C1E4AC392007EA0FA /* SLCascadeMenuItem.swift */; };
		84702C1F1E4AC393007EA0FA /* SLCascadeMenuView.swift in Sources */ = {isa = PBXBuildFile; fileRef = 84702C1D1E4AC393007EA0FA /* SLCascadeMenuView.swift */; };
/* End PBXBuildFile section */

/* Begin PBXContainerItemProxy section */
		84702C0D1E4AC369007EA0FA /* PBXContainerItemProxy */ = {
			isa = PBXContainerItemProxy;
			containerPortal = 84702BF01E4AC369007EA0FA /* Project object */;
			proxyType = 1;
			remoteGlobalIDString = 84702BF71E4AC369007EA0FA;
			remoteInfo = SLCascadeMenu;
		};
/* End PBXContainerItemProxy section */

/* Begin PBXFileReference section */
		84702BF81E4AC369007EA0FA /* SLCascadeMenu.app */ = {isa = PBXFileReference; explicitFileType = wrapper.application; includeInIndex = 0; path = SLCascadeMenu.app; sourceTree = BUILT_PRODUCTS_DIR; };
		84702BFB1E4AC369007EA0FA /* AppDelegate.swift */ = {isa = PBXFileReference; lastKnownFileType = sourcecode.swift; path = AppDelegate.swift; sourceTree = "<group>"; };
		84702BFD1E4AC369007EA0FA /* ViewController.swift */ = {isa = PBXFileReference; lastKnownFileType = sourcecode.swift; path = ViewController.swift; sourceTree = "<group>"; };
		84702C001E4AC369007EA0FA /* Base */ = {isa = PBXFileReference; lastKnownFileType = file.storyboard; name = Base; path = Base.lproj/Main.storyboard; sourceTree = "<group>"; };
		84702C021E4AC369007EA0FA /* Assets.xcassets */ = {isa = PBXFileReference; lastKnownFileType = folder.assetcatalog; path = Assets.xcassets; sourceTree = "<group>"; };
		84702C051E4AC369007EA0FA /* Base */ = {isa = PBXFileReference; lastKnownFileType = file.storyboard; name = Base; path = Base.lproj/LaunchScreen.storyboard; sourceTree = "<group>"; };
		84702C071E4AC369007EA0FA /* Info.plist */ = {isa = PBXFileReference; lastKnownFileType = text.plist.xml; path = Info.plist; sourceTree = "<group>"; };
		84702C0C1E4AC369007EA0FA /* SLCascadeMenuUITests.xctest */ = {isa = PBXFileReference; explicitFileType = wrapper.cfbundle; includeInIndex = 0; path = SLCascadeMenuUITests.xctest; sourceTree = BUILT_PRODUCTS_DIR; };
		84702C101E4AC369007EA0FA /* SLCascadeMenuUITests.swift */ = {isa = PBXFileReference; lastKnownFileType = sourcecode.swift; path = SLCascadeMenuUITests.swift; sourceTree = "<group>"; };
		84702C121E4AC369007EA0FA /* Info.plist */ = {isa = PBXFileReference; lastKnownFileType = text.plist.xml; path = Info.plist; sourceTree = "<group>"; };
		84702C1C1E4AC392007EA0FA /* SLCascadeMenuItem.swift */ = {isa = PBXFileReference; fileEncoding = 4; lastKnownFileType = sourcecode.swift; path = SLCascadeMenuItem.swift; sourceTree = "<group>"; };
		84702C1D1E4AC393007EA0FA /* SLCascadeMenuView.swift */ = {isa = PBXFileReference; fileEncoding = 4; lastKnownFileType = sourcecode.swift; path = SLCascadeMenuView.swift; sourceTree = "<group>"; };
/* End PBXFileReference section */

/* Begin PBXFrameworksBuildPhase section */
		84702BF51E4AC369007EA0FA /* Frameworks */ = {
			isa = PBXFrameworksBuildPhase;
			buildActionMask = 2147483647;
			files = (
			);
			runOnlyForDeploymentPostprocessing = 0;
		};
		84702C091E4AC369007EA0FA /* Frameworks */ = {
			isa = PBXFrameworksBuildPhase;
			buildActionMask = 2147483647;
			files = (
			);
			runOnlyForDeploymentPostprocessing = 0;
		};
/* End PBXFrameworksBuildPhase section */

/* Begin PBXGroup section */
		84702BEF1E4AC369007EA0FA = {
			isa = PBXGroup;
			children = (
				84702BFA1E4AC369007EA0FA /* SLCascadeMenu */,
				84702C0F1E4AC369007EA0FA /* SLCascadeMenuUITests */,
				84702BF91E4AC369007EA0FA /* Products */,
			);
			sourceTree = "<group>";
		};
		84702BF91E4AC369007EA0FA /* Products */ = {
			isa = PBXGroup;
			children = (
				84702BF81E4AC369007EA0FA /* SLCascadeMenu.app */,
				84702C0C1E4AC369007EA0FA /* SLCascadeMenuUITests.xctest */,
			);
			name = Products;
			sourceTree = "<group>";
		};
		84702BFA1E4AC369007EA0FA /* SLCascadeMenu */ = {
			isa = PBXGroup;
			children = (
				84702C1B1E4AC392007EA0FA /* CascadeMenu */,
				84702BFB1E4AC369007EA0FA /* AppDelegate.swift */,
				84702BFD1E4AC369007EA0FA /* ViewController.swift */,
				84702BFF1E4AC369007EA0FA /* Main.storyboard */,
				84702C021E4AC369007EA0FA /* Assets.xcassets */,
				84702C041E4AC369007EA0FA /* LaunchScreen.storyboard */,
				84702C071E4AC369007EA0FA /* Info.plist */,
			);
			path = SLCascadeMenu;
			sourceTree = "<group>";
		};
		84702C0F1E4AC369007EA0FA /* SLCascadeMenuUITests */ = {
			isa = PBXGroup;
			children = (
				84702C101E4AC369007EA0FA /* SLCascadeMenuUITests.swift */,
				84702C121E4AC369007EA0FA /* Info.plist */,
			);
			path = SLCascadeMenuUITests;
			sourceTree = "<group>";
		};
		84702C1B1E4AC392007EA0FA /* CascadeMenu */ = {
			isa = PBXGroup;
			children = (
				84702C1C1E4AC392007EA0FA /* SLCascadeMenuItem.swift */,
				84702C1D1E4AC393007EA0FA /* SLCascadeMenuView.swift */,
			);
			path = CascadeMenu;
			sourceTree = "<group>";
		};
/* End PBXGroup section */

/* Begin PBXNativeTarget section */
		84702BF71E4AC369007EA0FA /* SLCascadeMenu */ = {
			isa = PBXNativeTarget;
			buildConfigurationList = 84702C151E4AC369007EA0FA /* Build configuration list for PBXNativeTarget "SLCascadeMenu" */;
			buildPhases = (
				84702BF41E4AC369007EA0FA /* Sources */,
				84702BF51E4AC369007EA0FA /* Frameworks */,
				84702BF61E4AC369007EA0FA /* Resources */,
			);
			buildRules = (
			);
			dependencies = (
			);
			name = SLCascadeMenu;
			productName = SLCascadeMenu;
			productReference = 84702BF81E4AC369007EA0FA /* SLCascadeMenu.app */;
			productType = "com.apple.product-type.application";
		};
		84702C0B1E4AC369007EA0FA /* SLCascadeMenuUITests */ = {
			isa = PBXNativeTarget;
			buildConfigurationList = 84702C181E4AC369007EA0FA /* Build configuration list for PBXNativeTarget "SLCascadeMenuUITests" */;
			buildPhases = (
				84702C081E4AC369007EA0FA /* Sources */,
				84702C091E4AC369007EA0FA /* Frameworks */,
				84702C0A1E4AC369007EA0FA /* Resources */,
			);
			buildRules = (
			);
			dependencies = (
				84702C0E1E4AC369007EA0FA /* PBXTargetDependency */,
			);
			name = SLCascadeMenuUITests;
			productName = SLCascadeMenuUITests;
			productReference = 84702C0C1E4AC369007EA0FA /* SLCascadeMenuUITests.xctest */;
			productType = "com.apple.product-type.bundle.ui-testing";
		};
/* End PBXNativeTarget section */

/* Begin PBXProject section */
		84702BF01E4AC369007EA0FA /* Project object */ = {
			isa = PBXProject;
			attributes = {
				CLASSPREFIX = SL;
				LastSwiftUpdateCheck = 0820;
				LastUpgradeCheck = 0820;
				ORGANIZATIONNAME = Star88;
				TargetAttributes = {
					84702BF71E4AC369007EA0FA = {
						CreatedOnToolsVersion = 8.2;
						DevelopmentTeam = PMS58YXFM9;
						ProvisioningStyle = Automatic;
					};
					84702C0B1E4AC369007EA0FA = {
						CreatedOnToolsVersion = 8.2;
						DevelopmentTeam = PMS58YXFM9;
						ProvisioningStyle = Automatic;
						TestTargetID = 84702BF71E4AC369007EA0FA;
					};
				};
			};
			buildConfigurationList = 84702BF31E4AC369007EA0FA /* Build configuration list for PBXProject "SLCascadeMenu" */;
			compatibilityVersion = "Xcode 3.2";
			developmentRegion = English;
			hasScannedForEncodings = 0;
			knownRegions = (
				en,
				Base,
			);
			mainGroup = 84702BEF1E4AC369007EA0FA;
			productRefGroup = 84702BF91E4AC369007EA0FA /* Products */;
			projectDirPath = "";
			projectRoot = "";
			targets = (
				84702BF71E4AC369007EA0FA /* SLCascadeMenu */,
				84702C0B1E4AC369007EA0FA /* SLCascadeMenuUITests */,
			);
		};
/* End PBXProject section */

/* Begin PBXResourcesBuildPhase section */
		84702BF61E4AC369007EA0FA /* Resources */ = {
			isa = PBXResourcesBuildPhase;
			buildActionMask = 2147483647;
			files = (
				84702C061E4AC369007EA0FA /* LaunchScreen.storyboard in Resources */,
				84702C031E4AC369007EA0FA /* Assets.xcassets in Resources */,
				84702C011E4AC369007EA0FA /* Main.storyboard in Resources */,
			);
			runOnlyForDeploymentPostprocessing = 0;
		};
		84702C0A1E4AC369007EA0FA /* Resources */ = {
			isa = PBXResourcesBuildPhase;
			buildActionMask = 2147483647;
			files = (
			);
			runOnlyForDeploymentPostprocessing = 0;
		};
/* End PBXResourcesBuildPhase section */

/* Begin PBXSourcesBuildPhase section */
		84702BF41E4AC369007EA0FA /* Sources */ = {
			isa = PBXSourcesBuildPhase;
			buildActionMask = 2147483647;
			files = (
				84702BFE1E4AC369007EA0FA /* ViewController.swift in Sources */,
				84702C1F1E4AC393007EA0FA /* SLCascadeMenuView.swift in Sources */,
				84702BFC1E4AC369007EA0FA /* AppDelegate.swift in Sources */,
				84702C1E1E4AC393007EA0FA /* SLCascadeMenuItem.swift in Sources */,
			);
			runOnlyForDeploymentPostprocessing = 0;
		};
		84702C081E4AC369007EA0FA /* Sources */ = {
			isa = PBXSourcesBuildPhase;
			buildActionMask = 2147483647;
			files = (
				84702C111E4AC369007EA0FA /* SLCascadeMenuUITests.swift in Sources */,
			);
			runOnlyForDeploymentPostprocessing = 0;
		};
/* End PBXSourcesBuildPhase section */

/* Begin PBXTargetDependency section */
		84702C0E1E4AC369007EA0FA /* PBXTargetDependency */ = {
			isa = PBXTargetDependency;
			target = 84702BF71E4AC369007EA0FA /* SLCascadeMenu */;
			targetProxy = 84702C0D1E4AC369007EA0FA /* PBXContainerItemProxy */;
		};
/* End PBXTargetDependency section */

/* Begin PBXVariantGroup section */
		84702BFF1E4AC369007EA0FA /* Main.storyboard */ = {
			isa = PBXVariantGroup;
			children = (
				84702C001E4AC369007EA0FA /* Base */,
			);
			name = Main.storyboard;
			sourceTree = "<group>";
		};
		84702C041E4AC369007EA0FA /* LaunchScreen.storyboard */ = {
			isa = PBXVariantGroup;
			children = (
				84702C051E4AC369007EA0FA /* Base */,
			);
			name = LaunchScreen.storyboard;
			sourceTree = "<group>";
		};
/* End PBXVariantGroup section */

/* Begin XCBuildConfiguration section */
		84702C131E4AC369007EA0FA /* Debug */ = {
			isa = XCBuildConfiguration;
			buildSettings = {
				ALWAYS_SEARCH_USER_PATHS = NO;
				CLANG_ANALYZER_NONNULL = YES;
				CLANG_CXX_LANGUAGE_STANDARD = "gnu++0x";
				CLANG_CXX_LIBRARY = "libc++";
				CLANG_ENABLE_MODULES = YES;
				CLANG_ENABLE_OBJC_ARC = YES;
				CLANG_WARN_BOOL_CONVERSION = YES;
				CLANG_WARN_CONSTANT_CONVERSION = YES;
				CLANG_WARN_DIRECT_OBJC_ISA_USAGE = YES_ERROR;
				CLANG_WARN_DOCUMENTATION_COMMENTS = YES;
				CLANG_WARN_EMPTY_BODY = YES;
				CLANG_WARN_ENUM_CONVERSION = YES;
				CLANG_WARN_INFINITE_RECURSION = YES;
				CLANG_WARN_INT_CONVERSION = YES;
				CLANG_WARN_OBJC_ROOT_CLASS = YES_ERROR;
				CLANG_WARN_SUSPICIOUS_MOVE = YES;
				CLANG_WARN_UNREACHABLE_CODE = YES;
				CLANG_WARN__DUPLICATE_METHOD_MATCH = YES;
				"CODE_SIGN_IDENTITY[sdk=iphoneos*]" = "iPhone Developer";
				COPY_PHASE_STRIP = NO;
				DEBUG_INFORMATION_FORMAT = dwarf;
				ENABLE_STRICT_OBJC_MSGSEND = YES;
				ENABLE_TESTABILITY = YES;
				GCC_C_LANGUAGE_STANDARD = gnu99;
				GCC_DYNAMIC_NO_PIC = NO;
				GCC_NO_COMMON_BLOCKS = YES;
				GCC_OPTIMIZATION_LEVEL = 0;
				GCC_PREPROCESSOR_DEFINITIONS = (
					"DEBUG=1",
					"$(inherited)",
				);
				GCC_WARN_64_TO_32_BIT_CONVERSION = YES;
				GCC_WARN_ABOUT_RETURN_TYPE = YES_ERROR;
				GCC_WARN_UNDECLARED_SELECTOR = YES;
				GCC_WARN_UNINITIALIZED_AUTOS = YES_AGGRESSIVE;
				GCC_WARN_UNUSED_FUNCTION = YES;
				GCC_WARN_UNUSED_VARIABLE = YES;
				IPHONEOS_DEPLOYMENT_TARGET = 10.2;
				MTL_ENABLE_DEBUG_INFO = YES;
				ONLY_ACTIVE_ARCH = YES;
				SDKROOT = iphoneos;
				SWIFT_ACTIVE_COMPILATION_CONDITIONS = DEBUG;
				SWIFT_OPTIMIZATION_LEVEL = "-Onone";
			};
			name = Debug;
		};
		84702C141E4AC369007EA0FA /* Release */ = {
			isa = XCBuildConfiguration;
			buildSettings = {
				ALWAYS_SEARCH_USER_PATHS = NO;
				CLANG_ANALYZER_NONNULL = YES;
				CLANG_CXX_LANGUAGE_STANDARD = "gnu++0x";
				CLANG_CXX_LIBRARY = "libc++";
				CLANG_ENABLE_MODULES = YES;
				CLANG_ENABLE_OBJC_ARC = YES;
				CLANG_WARN_BOOL_CONVERSION = YES;
				CLANG_WARN_CONSTANT_CONVERSION = YES;
				CLANG_WARN_DIRECT_OBJC_ISA_USAGE = YES_ERROR;
				CLANG_WARN_DOCUMENTATION_COMMENTS = YES;
				CLANG_WARN_EMPTY_BODY = YES;
				CLANG_WARN_ENUM_CONVERSION = YES;
				CLANG_WARN_INFINITE_RECURSION = YES;
				CLANG_WARN_INT_CONVERSION = YES;
				CLANG_WARN_OBJC_ROOT_CLASS = YES_ERROR;
				CLANG_WARN_SUSPICIOUS_MOVE = YES;
				CLANG_WARN_UNREACHABLE_CODE = YES;
				CLANG_WARN__DUPLICATE_METHOD_MATCH = YES;
				"CODE_SIGN_IDENTITY[sdk=iphoneos*]" = "iPhone Developer";
				COPY_PHASE_STRIP = NO;
				DEBUG_INFORMATION_FORMAT = "dwarf-with-dsym";
				ENABLE_NS_ASSERTIONS = NO;
				ENABLE_STRICT_OBJC_MSGSEND = YES;
				GCC_C_LANGUAGE_STANDARD = gnu99;
				GCC_NO_COMMON_BLOCKS = YES;
				GCC_WARN_64_TO_32_BIT_CONVERSION = YES;
				GCC_WARN_ABOUT_RETURN_TYPE = YES_ERROR;
				GCC_WARN_UNDECLARED_SELECTOR = YES;
				GCC_WARN_UNINITIALIZED_AUTOS = YES_AGGRESSIVE;
				GCC_WARN_UNUSED_FUNCTION = YES;
				GCC_WARN_UNUSED_VARIABLE = YES;
				IPHONEOS_DEPLOYMENT_TARGET = 10.2;
				MTL_ENABLE_DEBUG_INFO = NO;
				SDKROOT = iphoneos;
				SWIFT_OPTIMIZATION_LEVEL = "-Owholemodule";
				VALIDATE_PRODUCT = YES;
			};
			name = Release;
		};
		84702C161E4AC369007EA0FA /* Debug */ = {
			isa = XCBuildConfiguration;
			buildSettings = {
				ASSETCATALOG_COMPILER_APPICON_NAME = AppIcon;
				DEVELOPMENT_TEAM = PMS58YXFM9;
				INFOPLIST_FILE = SLCascadeMenu/Info.plist;
				LD_RUNPATH_SEARCH_PATHS = "$(inherited) @executable_path/Frameworks";
				PRODUCT_BUNDLE_IDENTIFIER = cn.star88.SLCascadeMenu;
				PRODUCT_NAME = "$(TARGET_NAME)";
				SWIFT_VERSION = 3.0;
			};
			name = Debug;
		};
		84702C171E4AC369007EA0FA /* Release */ = {
			isa = XCBuildConfiguration;
			buildSettings = {
				ASSETCATALOG_COMPILER_APPICON_NAME = AppIcon;
				DEVELOPMENT_TEAM = PMS58YXFM9;
				INFOPLIST_FILE = SLCascadeMenu/Info.plist;
				LD_RUNPATH_SEARCH_PATHS = "$(inherited) @executable_path/Frameworks";
				PRODUCT_BUNDLE_IDENTIFIER = cn.star88.SLCascadeMenu;
				PRODUCT_NAME = "$(TARGET_NAME)";
				SWIFT_VERSION = 3.0;
			};
			name = Release;
		};
		84702C191E4AC369007EA0FA /* Debug */ = {
			isa = XCBuildConfiguration;
			buildSettings = {
				ALWAYS_EMBED_SWIFT_STANDARD_LIBRARIES = YES;
				DEVELOPMENT_TEAM = PMS58YXFM9;
				INFOPLIST_FILE = SLCascadeMenuUITests/Info.plist;
				LD_RUNPATH_SEARCH_PATHS = "$(inherited) @executable_path/Frameworks @loader_path/Frameworks";
				PRODUCT_BUNDLE_IDENTIFIER = cn.star88.SLCascadeMenuUITests;
				PRODUCT_NAME = "$(TARGET_NAME)";
				SWIFT_VERSION = 3.0;
				TEST_TARGET_NAME = SLCascadeMenu;
			};
			name = Debug;
		};
		84702C1A1E4AC369007EA0FA /* Release */ = {
			isa = XCBuildConfiguration;
			buildSettings = {
				ALWAYS_EMBED_SWIFT_STANDARD_LIBRARIES = YES;
				DEVELOPMENT_TEAM = PMS58YXFM9;
				INFOPLIST_FILE = SLCascadeMenuUITests/Info.plist;
				LD_RUNPATH_SEARCH_PATHS = "$(inherited) @executable_path/Frameworks @loader_path/Frameworks";
				PRODUCT_BUNDLE_IDENTIFIER = cn.star88.SLCascadeMenuUITests;
				PRODUCT_NAME = "$(TARGET_NAME)";
				SWIFT_VERSION = 3.0;
				TEST_TARGET_NAME = SLCascadeMenu;
			};
			name = Release;
		};
/* End XCBuildConfiguration section */

/* Begin XCConfigurationList section */
		84702BF31E4AC369007EA0FA /* Build configuration list for PBXProject "SLCascadeMenu" */ = {
			isa = XCConfigurationList;
			buildConfigurations = (
				84702C131E4AC369007EA0FA /* Debug */,
				84702C141E4AC369007EA0FA /* Release */,
			);
			defaultConfigurationIsVisible = 0;
			defaultConfigurationName = Release;
		};
		84702C151E4AC369007EA0FA /* Build configuration list for PBXNativeTarget "SLCascadeMenu" */ = {
			isa = XCConfigurationList;
			buildConfigurations = (
				84702C161E4AC369007EA0FA /* Debug */,
				84702C171E4AC369007EA0FA /* Release */,
			);
			defaultConfigurationIsVisible = 0;
		};
		84702C181E4AC369007EA0FA /* Build configuration list for PBXNativeTarget "SLCascadeMenuUITests" */ = {
			isa = XCConfigurationList;
			buildConfigurations = (
				84702C191E4AC369007EA0FA /* Debug */,
				84702C1A1E4AC369007EA0FA /* Release */,
			);
			defaultConfigurationIsVisible = 0;
		};
/* End XCConfigurationList section */
	};
	rootObject = 84702BF01E4AC369007EA0FA /* Project object */;
}
